<?xml version="1.0" encoding="utf-8"?>
<Project ToolsVersion="4.0" xmlns="http://schemas.microsoft.com/developer/msbuild/2003">
  <ItemGroup>
    <ClCompile Include="Classes\Player.cpp">
      <Filter>Player</Filter>
    </ClCompile>
    <ClCompile Include="Classes\enemy_metalbox.cpp">
      <Filter>Enemies</Filter>
    </ClCompile>
    <ClCompile Include="Classes\EnemyBase.cpp">
      <Filter>Enemies</Filter>
    </ClCompile>
    <ClCompile Include="MapManager.cpp">
      <Filter>Map</Filter>
    </ClCompile>
    <ClCompile Include="Classes\Room.cpp">
      <Filter>Map</Filter>
    </ClCompile>
    <ClCompile Include="Classes\Spritesheet.cpp">
      <Filter>Spritesheet</Filter>
    </ClCompile>
    <ClCompile Include="Classes\Projectile.cpp">
      <Filter>Weapons</Filter>
    </ClCompile>
    <ClCompile Include="Classes\Arrow.cpp">
      <Filter>Weapons</Filter>
    </ClCompile>
    <ClCompile Include="Classes\WeaponBase.cpp">
      <Filter>Weapons</Filter>
    </ClCompile>
    <ClCompile Include="template.cpp">
      <Filter>TemplateCode</Filter>
    </ClCompile>
    <ClCompile Include="surface.cpp">
      <Filter>TemplateCode</Filter>
    </ClCompile>
    <ClCompile Include="game.cpp">
      <Filter>Game</Filter>
    </ClCompile>
    <ClCompile Include="Classes\CollisionCheck.cpp">
      <Filter>Game</Filter>
    </ClCompile>
    <ClCompile Include="Classes\newmath.cpp">
      <Filter>Math</Filter>
    </ClCompile>
    <ClCompile Include="Classes\CollisionComponent.cpp">
      <Filter>Math</Filter>
    </ClCompile>
    <ClCompile Include="Classes\enemy_snowman.cpp">
      <Filter>Enemies</Filter>
    </ClCompile>
    <ClCompile Include="Classes\Snowball.cpp">
      <Filter>Weapons</Filter>
    </ClCompile>
    <ClCompile Include="Classes\Healthbar.cpp">
      <Filter>Player</Filter>
    </ClCompile>
    <ClCompile Include="Classes\Sprites.cpp" />
    <ClCompile Include="Classes\enemy_rager.cpp">
      <Filter>Enemies</Filter>
    </ClCompile>
  </ItemGroup>
  <ItemGroup>
    <ClInclude Include="Classes\Player.h">
      <Filter>Player</Filter>
    </ClInclude>
    <ClInclude Include="Classes\enemy_metalbox.h">
      <Filter>Enemies</Filter>
    </ClInclude>
    <ClInclude Include="Classes\EnemyBase.h">
      <Filter>Enemies</Filter>
    </ClInclude>
    <ClInclude Include="MapManager.h">
      <Filter>Map</Filter>
    </ClInclude>
    <ClInclude Include="Classes\Room.h">
      <Filter>Map</Filter>
    </ClInclude>
    <ClInclude Include="Classes\Spritesheet.h">
      <Filter>Spritesheet</Filter>
    </ClInclude>
    <ClInclude Include="Classes\Projectile.h">
      <Filter>Weapons</Filter>
    </ClInclude>
    <ClInclude Include="Classes\Arrow.h">
      <Filter>Weapons</Filter>
    </ClInclude>
    <ClInclude Include="Classes\WeaponBase.h">
      <Filter>Weapons</Filter>
    </ClInclude>
    <ClInclude Include="template.h">
      <Filter>TemplateCode</Filter>
    </ClInclude>
    <ClInclude Include="surface.h">
      <Filter>TemplateCode</Filter>
    </ClInclude>
    <ClInclude Include="game.h">
      <Filter>Game</Filter>
    </ClInclude>
    <ClInclude Include="Classes\CollisionCheck.h">
      <Filter>Game</Filter>
    </ClInclude>
    <ClInclude Include="Classes\newmath.h">
      <Filter>Math</Filter>
    </ClInclude>
    <ClInclude Include="Classes\CollisionComponent.h">
      <Filter>Math</Filter>
    </ClInclude>
    <ClInclude Include="Classes\enemy_snowman.h">
      <Filter>Enemies</Filter>
    </ClInclude>
    <ClInclude Include="Classes\Snowball.h">
      <Filter>Weapons</Filter>
    </ClInclude>
    <ClInclude Include="Classes\Healthbar.h">
      <Filter>Player</Filter>
    </ClInclude>
    <ClInclude Include="Classes\Sprites.h" />
    <ClInclude Include="Classes\enemy_rager.h">
      <Filter>Enemies</Filter>
    </ClInclude>
  </ItemGroup>
  <ItemGroup>
    <Text Include="_readme.txt" />
    <Text Include="Classes\RoomLayout\Collisions.txt">
      <Filter>Map\Layouts</Filter>
    </Text>
    <Text Include="Classes\RoomLayout\Portals.txt">
      <Filter>Map\Layouts</Filter>
    </Text>
    <Text Include="Classes\RoomLayout\Room2.txt">
      <Filter>Map\Layouts</Filter>
    </Text>
    <Text Include="Classes\Enemies\reindeer.txt">
      <Filter>Enemies\Data</Filter>
    </Text>
    <Text Include="Classes\Enemies\metalbox.txt">
      <Filter>Enemies\Data</Filter>
    </Text>
    <Text Include="Classes\Enemies\snowman.txt">
      <Filter>Enemies\Data</Filter>
    </Text>
    <Text Include="Classes\Enemies\rager.txt">
      <Filter>Enemies\Data</Filter>
    </Text>
  </ItemGroup>
  <ItemGroup>
    <Filter Include="Enemies">
      <UniqueIdentifier>{89331ee9-201e-4550-ac34-45a98bbe7a94}</UniqueIdentifier>
    </Filter>
    <Filter Include="Map">
      <UniqueIdentifier>{8d8c6980-6eb1-4047-9aae-a0214f2a8635}</UniqueIdentifier>
    </Filter>
    <Filter Include="Spritesheet">
      <UniqueIdentifier>{b7dbb9e0-8e4d-46be-8325-1b7415b4bcaa}</UniqueIdentifier>
    </Filter>
    <Filter Include="Weapons">
      <UniqueIdentifier>{421bccb6-4ab0-4fb8-ac54-eeeeca33f11e}</UniqueIdentifier>
    </Filter>
    <Filter Include="TemplateCode">
      <UniqueIdentifier>{14550748-f98f-4f83-9426-2fcde417f399}</UniqueIdentifier>
    </Filter>
    <Filter Include="Game">
      <UniqueIdentifier>{4fc7927f-fbee-48de-8c5c-af3571846890}</UniqueIdentifier>
    </Filter>
    <Filter Include="Map\Layouts">
      <UniqueIdentifier>{7556cccf-ba7a-4f22-987e-a0698c35e7ec}</UniqueIdentifier>
    </Filter>
    <Filter Include="Enemies\Data">
      <UniqueIdentifier>{70ec6c44-e908-418b-ada4-bcedf70724f9}</UniqueIdentifier>
    </Filter>
    <Filter Include="Math">
      <UniqueIdentifier>{9692336d-cccf-406d-ae6e-b9aa7ab09287}</UniqueIdentifier>
    </Filter>
    <Filter Include="Player">
      <UniqueIdentifier>{1d928c03-5240-4c6a-8fc4-62876d534f78}</UniqueIdentifier>
    </Filter>
  </ItemGroup>
</Project>